// !$*UTF8*$!
{
	archiveVersion = 1;
	classes = {
	};
	objectVersion = 46;
	objects = {

/* Begin PBXBuildFile section */
		C3770D4B1FCC134700315387 /* XmlWrite.cpp in Sources */ = {isa = PBXBuildFile; fileRef = C3770D4A1FCC134700315387 /* XmlWrite.cpp */; };
		C3770D4F1FCC162E00315387 /* main.cpp in Sources */ = {isa = PBXBuildFile; fileRef = C3770D4E1FCC162E00315387 /* main.cpp */; };
		C3770D531FCEE73B00315387 /* pbXmlWrite.cpp in Sources */ = {isa = PBXBuildFile; fileRef = C3770D521FCEE73B00315387 /* pbXmlWrite.cpp */; };
		C3770D571FD084F300315387 /* base64.cpp in Sources */ = {isa = PBXBuildFile; fileRef = C3770D551FD084F300315387 /* base64.cpp */; };
		C382E6DF204096A7003C4C49 /* Python in Frameworks */ = {isa = PBXBuildFile; fileRef = C382E6DE204096A7003C4C49 /* Python */; };
/* End PBXBuildFile section */

/* Begin PBXCopyFilesBuildPhase section */
		C3770D3D1FCC12FD00315387 /* CopyFiles */ = {
			isa = PBXCopyFilesBuildPhase;
			buildActionMask = 2147483647;
			dstPath = /usr/share/man/man1/;
			dstSubfolderSpec = 0;
			files = (
			);
			runOnlyForDeploymentPostprocessing = 1;
		};
/* End PBXCopyFilesBuildPhase section */

/* Begin PBXFileReference section */
		C3770D3F1FCC12FD00315387 /* xmlwriter */ = {isa = PBXFileReference; explicitFileType = "compiled.mach-o.executable"; includeInIndex = 0; path = xmlwriter; sourceTree = BUILT_PRODUCTS_DIR; };
		C3770D4A1FCC134700315387 /* XmlWrite.cpp */ = {isa = PBXFileReference; fileEncoding = 4; lastKnownFileType = sourcecode.cpp.cpp; path = XmlWrite.cpp; sourceTree = "<group>"; };
		C3770D4E1FCC162E00315387 /* main.cpp */ = {isa = PBXFileReference; fileEncoding = 4; lastKnownFileType = sourcecode.cpp.cpp; path = main.cpp; sourceTree = "<group>"; };
		C3770D501FCEE72D00315387 /* XmlWrite.h */ = {isa = PBXFileReference; lastKnownFileType = sourcecode.c.h; path = XmlWrite.h; sourceTree = "<group>"; };
		C3770D521FCEE73B00315387 /* pbXmlWrite.cpp */ = {isa = PBXFileReference; fileEncoding = 4; lastKnownFileType = sourcecode.cpp.cpp; path = pbXmlWrite.cpp; sourceTree = "<group>"; };
		C3770D551FD084F300315387 /* base64.cpp */ = {isa = PBXFileReference; fileEncoding = 4; lastKnownFileType = sourcecode.cpp.cpp; path = base64.cpp; sourceTree = "<group>"; };
		C3770D561FD084F300315387 /* base64.h */ = {isa = PBXFileReference; fileEncoding = 4; lastKnownFileType = sourcecode.c.h; path = base64.h; sourceTree = "<group>"; };
		C382E6DE204096A7003C4C49 /* Python */ = {isa = PBXFileReference; lastKnownFileType = "compiled.mach-o.dylib"; name = Python; path = ../../../../../../../../../Library/Frameworks/Python.framework/Versions/3.6/Python; sourceTree = "<group>"; };
		C382E6E02041829F003C4C49 /* pbXmlWrite_docs.h */ = {isa = PBXFileReference; fileEncoding = 4; lastKnownFileType = sourcecode.c.h; path = pbXmlWrite_docs.h; sourceTree = "<group>"; };
		C3A411F0207D2C5D00A6C2C1 /* setup.py */ = {isa = PBXFileReference; fileEncoding = 4; lastKnownFileType = text.script.python; name = setup.py; path = ../setup.py; sourceTree = "<group>"; };
/* End PBXFileReference section */

/* Begin PBXFrameworksBuildPhase section */
		C3770D3C1FCC12FD00315387 /* Frameworks */ = {
			isa = PBXFrameworksBuildPhase;
			buildActionMask = 2147483647;
			files = (
				C382E6DF204096A7003C4C49 /* Python in Frameworks */,
			);
			runOnlyForDeploymentPostprocessing = 0;
		};
/* End PBXFrameworksBuildPhase section */

/* Begin PBXGroup section */
		C3770D361FCC12FD00315387 = {
			isa = PBXGroup;
			children = (
				C382E6DE204096A7003C4C49 /* Python */,
				C3A411F0207D2C5D00A6C2C1 /* setup.py */,
				C3770D491FCC134700315387 /* cpp */,
				C3770D511FCEE73B00315387 /* cpy */,
				C3770D401FCC12FD00315387 /* Products */,
			);
			sourceTree = "<group>";
		};
		C3770D401FCC12FD00315387 /* Products */ = {
			isa = PBXGroup;
			children = (
				C3770D3F1FCC12FD00315387 /* xmlwriter */,
			);
			name = Products;
			sourceTree = "<group>";
		};
		C3770D491FCC134700315387 /* cpp */ = {
			isa = PBXGroup;
			children = (
				C3770D4E1FCC162E00315387 /* main.cpp */,
				C3770D4A1FCC134700315387 /* XmlWrite.cpp */,
				C3770D501FCEE72D00315387 /* XmlWrite.h */,
				C3770D551FD084F300315387 /* base64.cpp */,
				C3770D561FD084F300315387 /* base64.h */,
			);
			path = cpp;
			sourceTree = "<group>";
		};
		C3770D511FCEE73B00315387 /* cpy */ = {
			isa = PBXGroup;
			children = (
				C382E6E02041829F003C4C49 /* pbXmlWrite_docs.h */,
				C3770D521FCEE73B00315387 /* pbXmlWrite.cpp */,
			);
			path = cpy;
			sourceTree = "<group>";
		};
/* End PBXGroup section */

/* Begin PBXNativeTarget section */
		C3770D3E1FCC12FD00315387 /* xmlwriter */ = {
			isa = PBXNativeTarget;
			buildConfigurationList = C3770D461FCC12FD00315387 /* Build configuration list for PBXNativeTarget "xmlwriter" */;
			buildPhases = (
				C3770D3B1FCC12FD00315387 /* Sources */,
				C3770D3C1FCC12FD00315387 /* Frameworks */,
				C3770D3D1FCC12FD00315387 /* CopyFiles */,
			);
			buildRules = (
			);
			dependencies = (
			);
			name = xmlwriter;
			productName = xmlwriter;
			productReference = C3770D3F1FCC12FD00315387 /* xmlwriter */;
			productType = "com.apple.product-type.tool";
		};
/* End PBXNativeTarget section */

/* Begin PBXProject section */
		C3770D371FCC12FD00315387 /* Project object */ = {
			isa = PBXProject;
			attributes = {
				LastUpgradeCheck = 0730;
				ORGANIZATIONNAME = "Paul Ross";
				TargetAttributes = {
					C3770D3E1FCC12FD00315387 = {
						CreatedOnToolsVersion = 7.3;
					};
				};
			};
			buildConfigurationList = C3770D3A1FCC12FD00315387 /* Build configuration list for PBXProject "xmlwriter" */;
			compatibilityVersion = "Xcode 3.2";
			developmentRegion = English;
			hasScannedForEncodings = 0;
			knownRegions = (
				en,
			);
			mainGroup = C3770D361FCC12FD00315387;
			productRefGroup = C3770D401FCC12FD00315387 /* Products */;
			projectDirPath = "";
			projectRoot = "";
			targets = (
				C3770D3E1FCC12FD00315387 /* xmlwriter */,
			);
		};
/* End PBXProject section */

/* Begin PBXSourcesBuildPhase section */
		C3770D3B1FCC12FD00315387 /* Sources */ = {
			isa = PBXSourcesBuildPhase;
			buildActionMask = 2147483647;
			files = (
				C3770D571FD084F300315387 /* base64.cpp in Sources */,
				C3770D4F1FCC162E00315387 /* main.cpp in Sources */,
				C3770D531FCEE73B00315387 /* pbXmlWrite.cpp in Sources */,
				C3770D4B1FCC134700315387 /* XmlWrite.cpp in Sources */,
			);
			runOnlyForDeploymentPostprocessing = 0;
		};
/* End PBXSourcesBuildPhase section */

/* Begin XCBuildConfiguration section */
		C3770D441FCC12FD00315387 /* Debug */ = {
			isa = XCBuildConfiguration;
			buildSettings = {
				ALWAYS_SEARCH_USER_PATHS = NO;
				CLANG_CXX_LANGUAGE_STANDARD = "gnu++0x";
				CLANG_CXX_LIBRARY = "libc++";
				CLANG_ENABLE_MODULES = YES;
				CLANG_ENABLE_OBJC_ARC = YES;
				CLANG_WARN_BOOL_CONVERSION = YES;
				CLANG_WARN_CONSTANT_CONVERSION = YES;
				CLANG_WARN_DIRECT_OBJC_ISA_USAGE = YES_ERROR;
				CLANG_WARN_EMPTY_BODY = YES;
				CLANG_WARN_ENUM_CONVERSION = YES;
				CLANG_WARN_INT_CONVERSION = YES;
				CLANG_WARN_OBJC_ROOT_CLASS = YES_ERROR;
				CLANG_WARN_UNREACHABLE_CODE = YES;
				CLANG_WARN__DUPLICATE_METHOD_MATCH = YES;
				CODE_SIGN_IDENTITY = "-";
				COPY_PHASE_STRIP = NO;
				DEBUG_INFORMATION_FORMAT = dwarf;
				ENABLE_STRICT_OBJC_MSGSEND = YES;
				ENABLE_TESTABILITY = YES;
				FRAMEWORK_SEARCH_PATHS = /Library/Frameworks/Python.framework/Versions/3.6/include/python3.6m/;
				GCC_C_LANGUAGE_STANDARD = gnu99;
				GCC_DYNAMIC_NO_PIC = NO;
				GCC_NO_COMMON_BLOCKS = YES;
				GCC_OPTIMIZATION_LEVEL = 0;
				GCC_PREPROCESSOR_DEFINITIONS = (
					"DEBUG=1",
					"$(inherited)",
				);
				GCC_WARN_64_TO_32_BIT_CONVERSION = YES;
				GCC_WARN_ABOUT_RETURN_TYPE = YES_ERROR;
				GCC_WARN_UNDECLARED_SELECTOR = YES;
				GCC_WARN_UNINITIALIZED_AUTOS = YES_AGGRESSIVE;
				GCC_WARN_UNUSED_FUNCTION = YES;
				GCC_WARN_UNUSED_VARIABLE = YES;
				HEADER_SEARCH_PATHS = (
					/Users/paulross/GitHub/pybind/pybind11/include,
					/Library/Frameworks/Python.framework/Versions/3.6/include/python3.6m/,
				);
				MACOSX_DEPLOYMENT_TARGET = 10.11;
				MTL_ENABLE_DEBUG_INFO = YES;
				ONLY_ACTIVE_ARCH = YES;
				SDKROOT = macosx;
			};
			name = Debug;
		};
		C3770D451FCC12FD00315387 /* Release */ = {
			isa = XCBuildConfiguration;
			buildSettings = {
				ALWAYS_SEARCH_USER_PATHS = NO;
				CLANG_CXX_LANGUAGE_STANDARD = "gnu++0x";
				CLANG_CXX_LIBRARY = "libc++";
				CLANG_ENABLE_MODULES = YES;
				CLANG_ENABLE_OBJC_ARC = YES;
				CLANG_WARN_BOOL_CONVERSION = YES;
				CLANG_WARN_CONSTANT_CONVERSION = YES;
				CLANG_WARN_DIRECT_OBJC_ISA_USAGE = YES_ERROR;
				CLANG_WARN_EMPTY_BODY = YES;
				CLANG_WARN_ENUM_CONVERSION = YES;
				CLANG_WARN_INT_CONVERSION = YES;
				CLANG_WARN_OBJC_ROOT_CLASS = YES_ERROR;
				CLANG_WARN_UNREACHABLE_CODE = YES;
				CLANG_WARN__DUPLICATE_METHOD_MATCH = YES;
				CODE_SIGN_IDENTITY = "-";
				COPY_PHASE_STRIP = NO;
				DEBUG_INFORMATION_FORMAT = "dwarf-with-dsym";
				ENABLE_NS_ASSERTIONS = NO;
				ENABLE_STRICT_OBJC_MSGSEND = YES;
				FRAMEWORK_SEARCH_PATHS = /Library/Frameworks/Python.framework/Versions/3.6/include/python3.6m/;
				GCC_C_LANGUAGE_STANDARD = gnu99;
				GCC_NO_COMMON_BLOCKS = YES;
				GCC_OPTIMIZATION_LEVEL = s;
				GCC_WARN_64_TO_32_BIT_CONVERSION = YES;
				GCC_WARN_ABOUT_RETURN_TYPE = YES_ERROR;
				GCC_WARN_UNDECLARED_SELECTOR = YES;
				GCC_WARN_UNINITIALIZED_AUTOS = YES_AGGRESSIVE;
				GCC_WARN_UNUSED_FUNCTION = YES;
				GCC_WARN_UNUSED_VARIABLE = YES;
				HEADER_SEARCH_PATHS = (
					/Users/paulross/GitHub/pybind/pybind11/include,
					/Library/Frameworks/Python.framework/Versions/3.6/include/python3.6m/,
				);
				MACOSX_DEPLOYMENT_TARGET = 10.11;
				MTL_ENABLE_DEBUG_INFO = NO;
				SDKROOT = macosx;
			};
			name = Release;
		};
		C3770D471FCC12FD00315387 /* Debug */ = {
			isa = XCBuildConfiguration;
			buildSettings = {
				FRAMEWORK_SEARCH_PATHS = "";
				HEADER_SEARCH_PATHS = (
					/Users/paulross/GitHub/pybind/pybind11/include,
					/Library/Frameworks/Python.framework/Versions/3.6/include/python3.6m/,
					"~/venvs/xmlwriter_00/include/site/python3.6/",
				);
				LIBRARY_SEARCH_PATHS = (
					"$(inherited)",
					"$(LOCAL_LIBRARY_DIR)/Frameworks/Python.framework/Versions/3.6",
				);
				MACOSX_DEPLOYMENT_TARGET = "";
				PRODUCT_NAME = "$(TARGET_NAME)";
			};
			name = Debug;
		};
		C3770D481FCC12FD00315387 /* Release */ = {
			isa = XCBuildConfiguration;
			buildSettings = {
				FRAMEWORK_SEARCH_PATHS = "";
				HEADER_SEARCH_PATHS = (
					/Users/paulross/GitHub/pybind/pybind11/include,
					/Library/Frameworks/Python.framework/Versions/3.6/include/python3.6m/,
					"~/venvs/xmlwriter_00/include/site/python3.6/",
				);
				LIBRARY_SEARCH_PATHS = (
					"$(inherited)",
					"$(LOCAL_LIBRARY_DIR)/Frameworks/Python.framework/Versions/3.6",
				);
				MACOSX_DEPLOYMENT_TARGET = "";
				PRODUCT_NAME = "$(TARGET_NAME)";
			};
			name = Release;
		};
/* End XCBuildConfiguration section */

/* Begin XCConfigurationList section */
		C3770D3A1FCC12FD00315387 /* Build configuration list for PBXProject "xmlwriter" */ = {
			isa = XCConfigurationList;
			buildConfigurations = (
				C3770D441FCC12FD00315387 /* Debug */,
				C3770D451FCC12FD00315387 /* Release */,
			);
			defaultConfigurationIsVisible = 0;
			defaultConfigurationName = Release;
		};
		C3770D461FCC12FD00315387 /* Build configuration list for PBXNativeTarget "xmlwriter" */ = {
			isa = XCConfigurationList;
			buildConfigurations = (
				C3770D471FCC12FD00315387 /* Debug */,
				C3770D481FCC12FD00315387 /* Release */,
			);
			defaultConfigurationIsVisible = 0;
			defaultConfigurationName = Release;
		};
/* End XCConfigurationList section */
	};
	rootObject = C3770D371FCC12FD00315387 /* Project object */;
}
